# generated by rye
# use `rye lock` or `rye sync` to update this lockfile
#
# last locked with the following flags:
#   pre: false
#   features: []
#   all-features: false
#   with-sources: false

-e file:.
aiolimiter==1.0.0
    # via viadot2
aiosqlite==0.20.0
    # via prefect
alembic==1.13.1
    # via prefect
anyio==3.7.1
    # via httpx
    # via prefect
apprise==1.8.0
    # via prefect
asgi-lifespan==2.1.0
    # via prefect
async-timeout==4.0.3
    # via asyncpg
asyncpg==0.29.0
    # via prefect
attrs==23.2.0
    # via jsonschema
    # via referencing
    # via visions
black==22.6.0
cachetools==5.3.3
    # via google-auth
    # via prefect
certifi==2024.2.2
    # via apprise
    # via httpcore
    # via httpx
    # via kubernetes
    # via requests
cffi==1.16.0
    # via cryptography
    # via pygit2
charset-normalizer==3.3.2
    # via requests
click==8.1.7
    # via apprise
    # via black
    # via mkdocs
    # via prefect
    # via typer
    # via uvicorn
cloudpickle==3.0.0
    # via prefect
colorama==0.4.6
    # via griffe
coolname==2.2.0
    # via prefect
coverage==7.4.4
    # via pytest-cov
croniter==2.0.5
    # via prefect
cryptography==42.0.5
    # via prefect
dateparser==1.2.0
    # via prefect
dnspython==2.6.1
    # via email-validator
docker==6.1.3
    # via prefect
email-validator==2.1.1
    # via pydantic
exceptiongroup==1.2.0
    # via anyio
    # via pytest
faker==13.12.1
fsspec==2022.11.0
    # via prefect
ghp-import==2.1.0
    # via mkdocs
google-auth==2.29.0
    # via kubernetes
graphviz==0.20.3
    # via prefect
greenlet==3.0.3
    # via sqlalchemy
griffe==0.45.0
    # via prefect
h11==0.14.0
    # via httpcore
    # via uvicorn
h2==4.1.0
    # via httpx
hpack==4.0.0
    # via h2
httpcore==1.0.5
    # via httpx
    # via prefect
httpx==0.27.0
    # via prefect
humanize==4.9.0
    # via jinja2-humanize-extension
    # via prefect
hyperframe==6.0.1
    # via h2
idna==3.6
    # via anyio
    # via email-validator
    # via httpx
    # via requests
importlib-metadata==6.11.0
    # via mkdocs
importlib-resources==6.1.3
    # via prefect
iniconfig==2.0.0
    # via pytest
itsdangerous==2.2.0
    # via prefect
jinja2==3.1.3
    # via jinja2-humanize-extension
    # via mkdocs
    # via mkdocs-git-revision-date-plugin
    # via mkdocs-material
    # via mkdocstrings
    # via prefect
jinja2-humanize-extension==0.4.0
    # via prefect
jsonpatch==1.33
    # via prefect
jsonpointer==2.4
    # via jsonpatch
jsonschema==4.21.1
    # via prefect
jsonschema-specifications==2023.12.1
    # via jsonschema
kubernetes==29.0.0
    # via prefect
lumacli==0.1.2
    # via viadot2
mako==1.3.5
    # via alembic
markdown==3.3.7
    # via apprise
    # via mkdocs
    # via mkdocs-autorefs
    # via mkdocs-material
    # via mkdocstrings
    # via pymdown-extensions
markdown-it-py==3.0.0
    # via rich
markupsafe==2.1.5
    # via essentials-openapi
    # via jinja2
    # via mako
    # via mkdocstrings
mdurl==0.1.2
    # via markdown-it-py
mergedeep==1.3.4
    # via mkdocs
mkdocs==1.3.1
    # via mkdocs-autorefs
    # via mkdocs-git-revision-date-plugin
    # via mkdocs-include-dir-to-nav
    # via mkdocs-include-markdown-plugin
    # via mkdocs-jupyter
    # via mkdocs-material
    # via mkdocs-mermaid2-plugin
    # via mkdocs-table-reader-plugin
    # via mkdocstrings
    # via neoteroi-mkdocs
mkdocs-autorefs==0.4.1
    # via mkdocstrings
mkdocs-get-deps==0.2.0
    # via mkdocs
mkdocs-git-revision-date-plugin==0.3.2
mkdocs-glightbox==0.4.0
mkdocs-include-dir-to-nav==1.2.0
mkdocs-include-markdown-plugin==6.2.0
mkdocs-jupyter==0.24.7
mkdocs-material==9.5.26
    # via mkdocs-jupyter
mkdocs-material-extensions==1.3.1
    # via mkdocs-material
mkdocstrings==0.19.0
multimethod==1.11.2
    # via visions
mypy-extensions==1.0.0
    # via black
networkx==3.2.1
    # via visions
numpy==1.23.4
    # via pandas
    # via pyarrow
    # via visions
oauthlib==3.2.2
    # via kubernetes
    # via requests-oauthlib
orjson==3.10.3
    # via prefect
packaging==24.0
    # via docker
    # via mkdocs
    # via prefect
    # via pytest
pandas==1.4.4
    # via viadot2
    # via visions
pathspec==0.11.2
    # via black
    # via prefect
pendulum==2.1.2
    # via prefect
platformdirs==4.2.0
    # via black
pluggy==1.4.0
    # via pytest
prefect==2.19.2
    # via viadot2
psycopg2-binary==2.9.9
    # via lumacli
pyarrow==10.0.1
    # via viadot2
pyasn1==0.5.1
    # via pyasn1-modules
    # via rsa
pyasn1-modules==0.3.0
    # via google-auth
pycparser==2.21
    # via cffi
pydantic==1.10.11
    # via lumacli
    # via prefect
    # via viadot2
pydantic-core==2.18.2
    # via prefect
pygit2==1.13.3
    # via viadot2
pygments==2.17.2
    # via mkdocs-material
    # via rich
pymdown-extensions==10.4
    # via mkdocs-material
    # via mkdocs-mermaid2-plugin
    # via mkdocstrings
pyodbc==4.0.39
    # via viadot2
pytest==8.1.1
    # via pytest-cov
pytest-cov==3.0.0
python-dateutil==2.9.0.post0
    # via croniter
    # via dateparser
    # via faker
    # via ghp-import
    # via kubernetes
    # via pandas
    # via pendulum
    # via prefect
    # via trino
python-dotenv==1.0.1
python-http-client==3.3.7
    # via sendgrid
python-multipart==0.0.9
    # via prefect
python-slugify==8.0.4
    # via prefect
pytz==2024.1
    # via croniter
    # via dateparser
    # via pandas
    # via prefect
    # via trino
pytzdata==2020.1
    # via pendulum
pyyaml==6.0.1
    # via apprise
    # via kubernetes
    # via lumacli
    # via mkdocs
    # via prefect
    # via pymdown-extensions
    # via pyyaml-env-tag
pyyaml-env-tag==0.1
    # via mike
    # via mkdocs
readchar==4.0.6
    # via prefect
referencing==0.34.0
    # via jsonschema
    # via jsonschema-specifications
regex==2024.5.15
    # via dateparser
requests==2.31.0
    # via apprise
    # via docker
    # via kubernetes
    # via lumacli
    # via requests-oauthlib
    # via sharepy
    # via trino
requests-oauthlib==1.4.0
    # via apprise
    # via kubernetes
rfc3339-validator==0.1.4
    # via prefect
rich==13.7.1
    # via lumacli
    # via prefect
    # via typer
rpds-py==0.18.0
    # via jsonschema
    # via referencing
rsa==4.9
    # via google-auth
ruamel-yaml==0.18.6
    # via prefect
ruamel-yaml-clib==0.2.8
    # via ruamel-yaml
sendgrid==6.9.7
    # via viadot2
setuptools==69.2.0
    # via readchar
sharepy==2.0.0
    # via viadot2
shellingham==1.5.4
    # via typer
six==1.16.0
    # via kubernetes
    # via python-dateutil
    # via rfc3339-validator
sniffio==1.3.1
    # via anyio
    # via asgi-lifespan
    # via httpx
    # via prefect
sql-metadata==2.3.0
    # via viadot2
sqlalchemy==2.0.28
    # via alembic
    # via prefect
    # via viadot2
sqlparse==0.4.4
    # via sql-metadata
starkbank-ecdsa==2.2.0
    # via sendgrid
tangled-up-in-unicode==0.2.0
    # via visions
text-unidecode==1.3
    # via python-slugify
toml==0.10.2
    # via prefect
tomli==2.0.1
    # via black
    # via coverage
    # via jupytext
    # via pytest
trino==0.326.0
    # via viadot2
typer==0.12.3
    # via lumacli
    # via prefect
typing-extensions==4.10.0
    # via aiosqlite
    # via alembic
    # via prefect
    # via pydantic
    # via pydantic-core
    # via sqlalchemy
    # via typer
    # via uvicorn
tzlocal==5.2
    # via dateparser
    # via trino
ujson==5.10.0
    # via prefect
urllib3==1.26.18
    # via docker
    # via kubernetes
    # via requests
uvicorn==0.28.1
    # via prefect
visions==0.7.5
    # via viadot2
watchdog==4.0.0
    # via mkdocs
websocket-client==1.7.0
    # via docker
    # via kubernetes
websockets==12.0
    # via prefect
zipp==3.18.1
    # via importlib-metadata
