# generated by rye
# use `rye lock` or `rye sync` to update this lockfile
#
# last locked with the following flags:
#   pre: false
#   features: []
#   all-features: false
#   with-sources: false

-e file:.
adlfs==2022.9.1
    # via viadot
aenum==3.1.15
    # via gremlinpython
aiobotocore==2.4.2
    # via s3fs
aiohttp==3.9.3
    # via adlfs
    # via aiobotocore
    # via gremlinpython
    # via s3fs
aioitertools==0.11.0
    # via aiobotocore
aiolimiter==1.0.0
    # via viadot
aiosignal==1.3.1
    # via aiohttp
anyio==3.7.1
    # via jupyter-server
argon2-cffi==23.1.0
    # via jupyter-server
    # via minio
    # via nbclassic
argon2-cffi-bindings==21.2.0
    # via argon2-cffi
asn1crypto==1.5.1
    # via scramp
asttokens==2.4.1
    # via stack-data
async-timeout==4.0.3
    # via aiohttp
attrs==23.2.0
    # via aiohttp
    # via jsonschema
    # via referencing
    # via visions
    # via zeep
authlib==1.3.0
    # via simple-salesforce
awswrangler==2.19.0
    # via viadot
azure-core==1.25.0
    # via adlfs
    # via azure-identity
    # via azure-storage-blob
    # via msrest
    # via viadot
azure-datalake-store==0.0.53
    # via adlfs
azure-identity==1.7.1
    # via adlfs
    # via viadot
azure-storage-blob==12.13.1
    # via adlfs
    # via viadot
babel==2.14.0
    # via jupyterlab-server
backoff==2.2.1
    # via awswrangler
beautifulsoup4==4.12.3
    # via nbconvert
    # via redshift-connector
bleach==6.1.0
    # via nbconvert
boto3==1.24.59
    # via awswrangler
    # via redshift-connector
    # via viadot
botocore==1.27.59
    # via aiobotocore
    # via awswrangler
    # via boto3
    # via redshift-connector
    # via s3transfer
cachetools==5.3.3
    # via google-auth
certifi==2024.2.2
    # via minio
    # via msrest
    # via opensearch-py
    # via requests
cffi==1.16.0
    # via argon2-cffi-bindings
    # via azure-datalake-store
    # via cryptography
charset-normalizer==3.3.2
    # via requests
comm==0.2.2
    # via ipykernel
contourpy==1.2.0
    # via matplotlib
cryptography==42.0.5
    # via authlib
    # via azure-identity
    # via azure-storage-blob
    # via msal
    # via pyjwt
cycler==0.12.1
    # via matplotlib
db-dtypes==1.2.0
    # via pandas-gbq
debugpy==1.8.1
    # via ipykernel
decorator==5.1.1
    # via ipython
defusedxml==0.7.1
    # via nbconvert
duckdb==0.5.1
    # via viadot
et-xmlfile==1.1.0
    # via openpyxl
exceptiongroup==1.2.0
    # via anyio
    # via ipython
executing==2.0.1
    # via stack-data
fastjsonschema==2.19.1
    # via nbformat
fonttools==4.50.0
    # via matplotlib
frozenlist==1.4.1
    # via aiohttp
    # via aiosignal
fsspec==2022.11.0
    # via adlfs
    # via s3fs
google-api-core==2.18.0
    # via google-cloud-bigquery
    # via google-cloud-bigquery-storage
    # via google-cloud-core
    # via pandas-gbq
google-auth==2.29.0
    # via google-api-core
    # via google-auth-oauthlib
    # via google-cloud-bigquery
    # via google-cloud-core
    # via pandas-gbq
    # via pydata-google-auth
google-auth-oauthlib==1.2.0
    # via pandas-gbq
    # via pydata-google-auth
google-cloud-bigquery==3.19.0
    # via pandas-gbq
google-cloud-bigquery-storage==2.24.0
    # via pandas-gbq
google-cloud-core==2.4.1
    # via google-cloud-bigquery
google-crc32c==1.5.0
    # via google-resumable-media
google-resumable-media==2.7.0
    # via google-cloud-bigquery
googleapis-common-protos==1.63.0
    # via google-api-core
    # via grpcio-status
greenlet==3.0.3
    # via sqlalchemy
gremlinpython==3.7.1
    # via awswrangler
grpcio==1.62.1
    # via google-api-core
    # via grpcio-status
grpcio-status==1.62.1
    # via google-api-core
idna==3.6
    # via anyio
    # via requests
    # via yarl
imagehash==4.2.1
    # via viadot
ipykernel==6.29.3
    # via nbclassic
ipython==8.22.2
    # via ipykernel
    # via jupyterlab
ipython-genutils==0.2.0
    # via nbclassic
isodate==0.6.1
    # via gremlinpython
    # via msrest
    # via zeep
jedi==0.19.1
    # via ipython
jinja2==3.1.3
    # via jupyter-server
    # via jupyterlab
    # via jupyterlab-server
    # via nbclassic
    # via nbconvert
jmespath==1.0.1
    # via boto3
    # via botocore
json5==0.9.24
    # via jupyterlab-server
jsonpath-ng==1.6.1
    # via awswrangler
jsonschema==4.21.1
    # via jupyterlab-server
    # via nbformat
jsonschema-specifications==2023.12.1
    # via jsonschema
jupyter-client==8.6.1
    # via ipykernel
    # via jupyter-server
    # via nbclassic
    # via nbclient
jupyter-core==5.7.2
    # via ipykernel
    # via jupyter-client
    # via jupyter-server
    # via jupyterlab
    # via nbclassic
    # via nbclient
    # via nbconvert
    # via nbformat
jupyter-server==1.24.0
    # via jupyterlab
    # via jupyterlab-server
    # via nbclassic
    # via notebook-shim
jupyterlab==3.2.4
    # via viadot
jupyterlab-pygments==0.3.0
    # via nbconvert
jupyterlab-server==2.25.4
    # via jupyterlab
kiwisolver==1.4.5
    # via matplotlib
lxml==5.1.0
    # via redshift-connector
    # via zeep
markupsafe==2.1.5
    # via jinja2
    # via nbconvert
matplotlib==3.8.3
    # via viadot
matplotlib-inline==0.1.6
    # via ipykernel
    # via ipython
minio==7.2.5
    # via viadot
mistune==3.0.2
    # via nbconvert
msal==1.28.0
    # via azure-datalake-store
    # via azure-identity
    # via msal-extensions
msal-extensions==0.3.1
    # via azure-identity
msrest==0.7.1
    # via azure-storage-blob
multidict==6.0.5
    # via aiohttp
    # via yarl
multimethod==1.11.2
    # via visions
nbclassic==0.5.6
    # via jupyterlab
nbclient==0.10.0
    # via nbconvert
nbconvert==7.16.3
    # via jupyter-server
    # via nbclassic
nbformat==5.10.3
    # via jupyter-server
    # via nbclassic
    # via nbclient
    # via nbconvert
nest-asyncio==1.6.0
    # via gremlinpython
    # via ipykernel
    # via nbclassic
networkx==3.2.1
    # via visions
notebook-shim==0.2.4
    # via nbclassic
numpy==1.23.4
    # via awswrangler
    # via contourpy
    # via db-dtypes
    # via duckdb
    # via imagehash
    # via matplotlib
    # via pandas
    # via pandas-gbq
    # via pyarrow
    # via pywavelets
    # via scipy
    # via visions
oauthlib==3.2.2
    # via requests-oauthlib
openpyxl==3.0.10
    # via awswrangler
    # via viadot
opensearch-py==2.4.2
    # via awswrangler
packaging==24.0
    # via db-dtypes
    # via google-cloud-bigquery
    # via ipykernel
    # via jupyter-server
    # via jupyterlab
    # via jupyterlab-server
    # via matplotlib
    # via nbconvert
    # via redshift-connector
pandas==1.4.4
    # via awswrangler
    # via db-dtypes
    # via pandas-gbq
    # via viadot
    # via visions
pandas-gbq==0.19.1
    # via viadot
pandocfilters==1.5.1
    # via nbconvert
parso==0.8.3
    # via jedi
pexpect==4.9.0
    # via ipython
pg8000==1.30.5
    # via awswrangler
pillow==10.2.0
    # via imagehash
    # via matplotlib
platformdirs==4.2.0
    # via jupyter-core
    # via zeep
ply==3.11
    # via jsonpath-ng
portalocker==2.8.2
    # via msal-extensions
progressbar2==4.4.2
    # via awswrangler
prometheus-client==0.20.0
    # via jupyter-server
    # via nbclassic
prompt-toolkit==3.0.43
    # via ipython
proto-plus==1.23.0
    # via google-api-core
    # via google-cloud-bigquery-storage
protobuf==4.25.3
    # via google-api-core
    # via google-cloud-bigquery-storage
    # via googleapis-common-protos
    # via grpcio-status
    # via proto-plus
psutil==5.9.8
    # via ipykernel
ptyprocess==0.7.0
    # via pexpect
    # via terminado
pure-eval==0.2.2
    # via stack-data
pyarrow==10.0.1
    # via awswrangler
    # via db-dtypes
    # via pandas-gbq
    # via viadot
pyasn1==0.5.1
    # via pyasn1-modules
    # via rsa
pyasn1-modules==0.3.0
    # via google-auth
pycparser==2.21
    # via cffi
pycryptodome==3.20.0
    # via minio
pydantic==1.10.11
    # via viadot
pydata-google-auth==1.8.2
    # via pandas-gbq
pygments==2.17.2
    # via ipython
    # via nbconvert
pyjwt==2.8.0
    # via msal
    # via pyjwt
pymysql==1.1.0
    # via awswrangler
pyodbc==4.0.39
    # via viadot
pyparsing==3.1.2
    # via matplotlib
python-dateutil==2.9.0.post0
    # via botocore
    # via google-cloud-bigquery
    # via jupyter-client
    # via matplotlib
    # via opensearch-py
    # via pandas
    # via pg8000
    # via trino
python-http-client==3.3.7
    # via sendgrid
python-utils==3.8.2
    # via progressbar2
pytz==2024.1
    # via pandas
    # via redshift-connector
    # via trino
    # via zeep
pywavelets==1.5.0
    # via imagehash
pyyaml==6.0.1
    # via viadot
pyzmq==25.1.2
    # via ipykernel
    # via jupyter-client
    # via jupyter-server
    # via nbclassic
redshift-connector==2.0.918
    # via awswrangler
referencing==0.34.0
    # via jsonschema
    # via jsonschema-specifications
requests==2.31.0
    # via azure-core
    # via azure-datalake-store
    # via google-api-core
    # via google-cloud-bigquery
    # via jupyterlab-server
    # via msal
    # via msrest
    # via opensearch-py
    # via redshift-connector
    # via requests-aws4auth
    # via requests-file
    # via requests-oauthlib
    # via requests-toolbelt
    # via sharepy
    # via simple-salesforce
    # via trino
    # via zeep
requests-aws4auth==1.2.3
    # via awswrangler
requests-file==2.0.0
    # via zeep
requests-oauthlib==1.4.0
    # via google-auth-oauthlib
    # via msrest
requests-toolbelt==1.0.0
    # via zeep
rpds-py==0.18.0
    # via jsonschema
    # via referencing
rsa==4.9
    # via google-auth
s3fs==2022.11.0
    # via viadot
s3transfer==0.6.2
    # via boto3
scipy==1.12.0
    # via imagehash
scramp==1.4.4
    # via pg8000
    # via redshift-connector
send2trash==1.8.2
    # via jupyter-server
    # via nbclassic
sendgrid==6.9.7
    # via viadot
shapely==1.8.0
    # via viadot
sharepy==2.0.0
    # via viadot
simple-salesforce==1.11.5
    # via viadot
six==1.16.0
    # via asttokens
    # via azure-core
    # via azure-identity
    # via bleach
    # via gremlinpython
    # via imagehash
    # via isodate
    # via opensearch-py
    # via python-dateutil
    # via requests-aws4auth
sniffio==1.3.1
    # via anyio
soupsieve==2.5
    # via beautifulsoup4
sql-metadata==2.3.0
    # via viadot
sqlalchemy==2.0.28
    # via viadot
sqlparse==0.4.4
    # via sql-metadata
stack-data==0.6.3
    # via ipython
starkbank-ecdsa==2.2.0
    # via sendgrid
tangled-up-in-unicode==0.2.0
    # via visions
terminado==0.18.1
    # via jupyter-server
    # via nbclassic
tinycss2==1.2.1
    # via nbconvert
tornado==6.4
    # via ipykernel
    # via jupyter-client
    # via jupyter-server
    # via jupyterlab
    # via nbclassic
    # via terminado
traitlets==5.14.2
    # via comm
    # via ipykernel
    # via ipython
    # via jupyter-client
    # via jupyter-core
    # via jupyter-server
    # via matplotlib-inline
    # via nbclassic
    # via nbclient
    # via nbconvert
    # via nbformat
trino==0.326.0
    # via viadot
typing-extensions==4.10.0
    # via azure-core
    # via minio
    # via pydantic
    # via python-utils
    # via sqlalchemy
tzlocal==5.2
    # via trino
urllib3==1.26.18
    # via botocore
    # via minio
    # via opensearch-py
    # via requests
visions==0.7.5
    # via viadot
wcwidth==0.2.13
    # via prompt-toolkit
webencodings==0.5.1
    # via bleach
    # via tinycss2
websocket-client==1.7.0
    # via jupyter-server
wrapt==1.16.0
    # via aiobotocore
yarl==1.9.4
    # via aiohttp
zeep==4.2.1
    # via simple-salesforce
setuptools==69.2.0
    # via pandas-gbq
    # via pydata-google-auth
    # via redshift-connector
