# generated by rye
# use `rye lock` or `rye sync` to update this lockfile
#
# last locked with the following flags:
#   pre: false
#   features: []
#   all-features: true
#   with-sources: false

-e file:.
adlfs==2024.4.1
    # via viadot2
aenum==3.1.15
    # via gremlinpython
agate==1.7.1
    # via dbt-core
    # via dbt-postgres
    # via dbt-redshift
aiobotocore==2.13.0
    # via s3fs
aiohttp==3.9.5
    # via adlfs
    # via aiobotocore
    # via gremlinpython
    # via s3fs
aioitertools==0.11.0
    # via aiobotocore
aiolimiter==1.1.0
    # via viadot2
aiosignal==1.3.1
    # via aiohttp
aiosqlite==0.20.0
    # via prefect
alembic==1.13.1
    # via prefect
anyio==3.7.1
    # via httpx
    # via prefect
apprise==1.8.0
    # via prefect
argon2-cffi==23.1.0
    # via minio
argon2-cffi-bindings==21.2.0
    # via argon2-cffi
asgi-lifespan==2.1.0
    # via prefect
asn1crypto==1.5.1
    # via scramp
async-timeout==4.0.3
    # via aiohttp
    # via asyncpg
asyncpg==0.29.0
    # via prefect
attrs==23.2.0
    # via aiohttp
    # via jsonschema
    # via referencing
    # via visions
awswrangler==2.20.1
    # via viadot2
azure-core==1.30.1
    # via adlfs
    # via azure-identity
    # via azure-keyvault-secrets
    # via azure-storage-blob
    # via viadot2
azure-datalake-store==0.0.53
    # via adlfs
azure-identity==1.16.0
    # via adlfs
    # via dbt-sqlserver
    # via prefect-azure
    # via viadot2
azure-keyvault-secrets==4.8.0
    # via prefect-azure
azure-storage-blob==12.20.0
    # via adlfs
    # via viadot2
babel==2.15.0
    # via agate
backoff==2.2.1
    # via awswrangler
beautifulsoup4==4.12.3
    # via redshift-connector
boto3==1.34.106
    # via awswrangler
    # via prefect-aws
    # via redshift-connector
    # via viadot2
botocore==1.34.106
    # via aiobotocore
    # via awswrangler
    # via boto3
    # via prefect-aws
    # via redshift-connector
    # via s3transfer
cachetools==5.3.3
    # via google-auth
    # via prefect
certifi==2024.6.2
    # via apprise
    # via httpcore
    # via httpx
    # via kubernetes
    # via minio
    # via opensearch-py
    # via requests
cffi==1.16.0
    # via argon2-cffi-bindings
    # via azure-datalake-store
    # via cryptography
    # via dbt-core
    # via pygit2
charset-normalizer==3.3.2
    # via requests
click==8.1.7
    # via apprise
    # via dbt-core
    # via dbt-semantic-interfaces
    # via prefect
    # via typer
    # via uvicorn
cloudpickle==3.0.0
    # via prefect
colorama==0.4.6
    # via dbt-core
    # via griffe
coolname==2.2.0
    # via prefect
croniter==2.0.5
    # via prefect
cryptography==42.0.7
    # via azure-identity
    # via azure-storage-blob
    # via msal
    # via prefect
    # via pyjwt
databricks-connect==11.3.37
    # via viadot2
dateparser==1.2.0
    # via prefect
dbt-core==1.7.15
    # via dbt-postgres
    # via dbt-redshift
    # via dbt-sqlserver
dbt-extractor==0.5.1
    # via dbt-core
dbt-postgres==1.7.15
    # via dbt-redshift
dbt-redshift==1.7.7
    # via viadot2
dbt-semantic-interfaces==0.4.4
    # via dbt-core
dbt-sqlserver==1.3.1
    # via viadot2
dnspython==2.6.1
    # via email-validator
docker==6.1.3
    # via prefect
duckdb==1.0.0
    # via viadot2
email-validator==2.1.1
    # via pydantic
et-xmlfile==1.1.0
    # via openpyxl
events==0.5
    # via opensearch-py
exceptiongroup==1.2.1
    # via anyio
frozenlist==1.4.1
    # via aiohttp
    # via aiosignal
fsspec==2024.6.0
    # via adlfs
    # via prefect
    # via s3fs
google-auth==2.29.0
    # via kubernetes
graphviz==0.20.3
    # via prefect
greenlet==3.0.3
    # via sqlalchemy
gremlinpython==3.7.2
    # via awswrangler
griffe==0.45.2
    # via prefect
h11==0.14.0
    # via httpcore
    # via uvicorn
h2==4.1.0
    # via httpx
hpack==4.0.0
    # via h2
httpcore==1.0.5
    # via httpx
    # via prefect
httpx==0.27.0
    # via prefect
humanize==4.9.0
    # via jinja2-humanize-extension
    # via prefect
hyperframe==6.0.1
    # via h2
idna==3.7
    # via anyio
    # via dbt-core
    # via email-validator
    # via httpx
    # via requests
    # via yarl
importlib-metadata==6.11.0
    # via dbt-semantic-interfaces
importlib-resources==6.1.3
    # via prefect
isodate==0.6.1
    # via agate
    # via azure-keyvault-secrets
    # via azure-storage-blob
    # via dbt-core
    # via gremlinpython
itsdangerous==2.2.0
    # via prefect
jinja2==3.1.4
    # via dbt-core
    # via dbt-semantic-interfaces
    # via jinja2-humanize-extension
    # via prefect
jinja2-humanize-extension==0.4.0
    # via prefect
jmespath==1.0.1
    # via boto3
    # via botocore
jsonpatch==1.33
    # via prefect
jsonpath-ng==1.6.1
    # via awswrangler
jsonpointer==2.4
    # via jsonpatch
jsonschema==4.22.0
    # via dbt-core
    # via dbt-semantic-interfaces
    # via prefect
jsonschema-specifications==2023.12.1
    # via jsonschema
kubernetes==29.0.0
    # via prefect
leather==0.4.0
    # via agate
logbook==1.5.3
    # via dbt-core
lumacli==0.1.2
    # via viadot2
lxml==5.2.2
    # via redshift-connector
mako==1.3.5
    # via alembic
markdown==3.6
    # via apprise
markdown-it-py==3.0.0
    # via rich
markupsafe==2.1.5
    # via jinja2
    # via mako
mashumaro==3.13
    # via dbt-core
mdurl==0.1.2
    # via markdown-it-py
minimal-snowplow-tracker==0.0.2
    # via dbt-core
minio==7.2.7
    # via viadot2
more-itertools==10.2.0
    # via dbt-semantic-interfaces
msal==1.28.0
    # via azure-datalake-store
    # via azure-identity
    # via msal-extensions
msal-extensions==1.1.0
    # via azure-identity
msgpack==1.0.8
    # via mashumaro
multidict==6.0.5
    # via aiohttp
    # via yarl
multimethod==1.11.2
    # via visions
mypy-boto3-s3==1.34.138
    # via prefect-aws
mypy-boto3-secretsmanager==1.34.145
    # via prefect-aws
nest-asyncio==1.6.0
    # via gremlinpython
networkx==3.3
    # via dbt-core
    # via visions
numpy==1.23.4
    # via awswrangler
    # via pandas
    # via pyarrow
    # via visions
oauthlib==3.2.2
    # via kubernetes
    # via requests-oauthlib
openpyxl==3.0.10
    # via awswrangler
    # via viadot2
opensearch-py==2.6.0
    # via awswrangler
orjson==3.10.3
    # via prefect
packaging==24.0
    # via dbt-core
    # via docker
    # via msal-extensions
    # via prefect
    # via redshift-connector
pandas==1.4.4
    # via awswrangler
    # via viadot2
    # via visions
parsedatetime==2.6
    # via agate
pathspec==0.11.2
    # via dbt-core
    # via prefect
pendulum==2.1.2
    # via prefect
pg8000==1.31.2
    # via awswrangler
ply==3.11
    # via jsonpath-ng
portalocker==2.8.2
    # via msal-extensions
prefect==2.19.7
    # via prefect-aws
    # via prefect-azure
    # via prefect-sqlalchemy
    # via viadot2
prefect-aws==0.4.18
    # via viadot2
prefect-azure @ git+https://github.com/Trymzet/prefect-azure@f4a400fa997f2ef1f54f4ed4a7ba2edccf4e3da8
    # via viadot2
prefect-sqlalchemy==0.4.3
    # via viadot2
progressbar2==4.4.2
    # via awswrangler
protobuf==4.25.3
    # via dbt-core
psycopg2-binary==2.9.9
    # via dbt-postgres
    # via lumacli
py4j==0.10.9.5
    # via databricks-connect
pyarrow==10.0.1
    # via awswrangler
    # via viadot2
pyasn1==0.6.0
    # via pyasn1-modules
    # via rsa
pyasn1-modules==0.4.0
    # via google-auth
pycparser==2.22
    # via cffi
pycryptodome==3.20.0
    # via minio
pydantic==1.10.15
    # via dbt-semantic-interfaces
    # via lumacli
    # via prefect
    # via viadot2
pydantic-core==2.18.4
    # via prefect
pygit2==1.14.1
    # via viadot2
pygments==2.18.0
    # via rich
pyjwt==2.8.0
    # via msal
pymysql==1.1.1
    # via awswrangler
pyodbc==5.1.0
    # via dbt-sqlserver
    # via viadot2
pyparsing==3.1.2
    # via prefect-aws
python-dateutil==2.9.0.post0
    # via botocore
    # via croniter
    # via dateparser
    # via dbt-semantic-interfaces
    # via kubernetes
    # via opensearch-py
    # via pandas
    # via pendulum
    # via pg8000
    # via prefect
    # via trino
python-http-client==3.3.7
    # via sendgrid
python-multipart==0.0.9
    # via prefect
python-slugify==8.0.4
    # via agate
    # via prefect
python-utils==3.8.2
    # via progressbar2
pytimeparse==1.1.8
    # via agate
pytz==2024.1
    # via croniter
    # via dateparser
    # via dbt-core
    # via pandas
    # via prefect
    # via redshift-connector
    # via trino
pytzdata==2020.1
    # via pendulum
pyyaml==6.0.1
    # via apprise
    # via dbt-core
    # via dbt-semantic-interfaces
    # via kubernetes
    # via lumacli
    # via prefect
readchar==4.1.0
    # via prefect
redshift-connector==2.0.917
    # via awswrangler
    # via dbt-redshift
referencing==0.35.1
    # via jsonschema
    # via jsonschema-specifications
regex==2024.5.15
    # via dateparser
requests==2.31.0
    # via apprise
    # via azure-core
    # via azure-datalake-store
    # via dbt-core
    # via docker
    # via kubernetes
    # via lumacli
    # via minimal-snowplow-tracker
    # via msal
    # via opensearch-py
    # via redshift-connector
    # via requests-aws4auth
    # via requests-oauthlib
    # via sharepy
    # via trino
    # via viadot2
requests-aws4auth==1.2.3
    # via awswrangler
requests-oauthlib==2.0.0
    # via apprise
    # via kubernetes
rfc3339-validator==0.1.4
    # via prefect
rich==13.7.1
    # via lumacli
    # via prefect
    # via typer
rpds-py==0.18.1
    # via jsonschema
    # via referencing
rsa==4.9
    # via google-auth
ruamel-yaml==0.18.6
    # via prefect
ruamel-yaml-clib==0.2.8
    # via ruamel-yaml
s3fs==2024.6.0
    # via viadot2
s3transfer==0.10.1
    # via boto3
scramp==1.4.5
    # via pg8000
    # via redshift-connector
sendgrid==6.11.0
    # via viadot2
setuptools==70.0.0
    # via redshift-connector
sharepy==2.0.0
    # via viadot2
shellingham==1.5.4
    # via typer
six==1.16.0
    # via azure-core
    # via databricks-connect
    # via gremlinpython
    # via isodate
    # via kubernetes
    # via minimal-snowplow-tracker
    # via opensearch-py
    # via python-dateutil
    # via requests-aws4auth
    # via rfc3339-validator
sniffio==1.3.1
    # via anyio
    # via asgi-lifespan
    # via httpx
    # via prefect
soupsieve==2.5
    # via beautifulsoup4
sql-metadata==2.11.0
    # via viadot2
sqlalchemy==2.0.30
    # via alembic
    # via prefect
    # via prefect-sqlalchemy
    # via viadot2
sqlparse==0.5.0
    # via dbt-core
    # via sql-metadata
starkbank-ecdsa==2.2.0
    # via sendgrid
tangled-up-in-unicode==0.2.0
    # via visions
tenacity==8.5.0
    # via prefect-aws
text-unidecode==1.3
    # via python-slugify
toml==0.10.2
    # via prefect
trino==0.328.0
    # via viadot2
typer==0.12.3
    # via lumacli
    # via prefect
typing-extensions==4.12.1
    # via aiosqlite
    # via alembic
    # via azure-core
    # via azure-keyvault-secrets
    # via azure-storage-blob
    # via dbt-core
    # via dbt-semantic-interfaces
    # via mashumaro
    # via minio
    # via mypy-boto3-s3
    # via mypy-boto3-secretsmanager
    # via prefect
    # via pydantic
    # via pydantic-core
    # via python-utils
    # via sqlalchemy
    # via typer
    # via uvicorn
tzlocal==5.2
    # via dateparser
    # via trino
ujson==5.10.0
    # via prefect
urllib3==1.26.18
    # via botocore
    # via dbt-core
    # via docker
    # via kubernetes
    # via minio
    # via opensearch-py
    # via requests
uvicorn==0.28.1
    # via prefect
visions==0.7.5
    # via viadot2
websocket-client==1.8.0
    # via docker
    # via kubernetes
websockets==12.0
    # via prefect
wrapt==1.16.0
    # via aiobotocore
yarl==1.9.4
    # via aiohttp
zipp==3.19.1
    # via importlib-metadata
