# generated by rye
# use `rye lock` or `rye sync` to update this lockfile
#
# last locked with the following flags:
#   pre: false
#   features: ["aws"]
#   all-features: false
#   with-sources: false
#   generate-hashes: false
#   universal: false

-e file:.
agate==1.9.1
    # via dbt-adapters
    # via dbt-common
    # via dbt-core
    # via dbt-postgres
    # via dbt-redshift
aiobotocore==2.13.3
    # via s3fs
aiohappyeyeballs==2.4.0
    # via aiohttp
aiohttp==3.10.5
    # via aiobotocore
    # via prefect-slack
    # via s3fs
    # via viadot2
aioitertools==0.12.0
    # via aiobotocore
aiolimiter==1.1.0
    # via viadot2
aiosignal==1.3.1
    # via aiohttp
aiosqlite==0.20.0
    # via prefect
alembic==1.13.2
    # via prefect
annotated-types==0.7.0
    # via pydantic
anyio==4.4.0
    # via httpx
    # via prefect
apprise==1.8.1
    # via prefect
argon2-cffi==25.1.0
    # via minio
argon2-cffi-bindings==21.2.0
    # via argon2-cffi
asgi-lifespan==2.1.0
    # via prefect
asn1crypto==1.5.1
    # via scramp
async-timeout==4.0.3
    # via aiohttp
    # via asyncpg
asyncpg==0.29.0
    # via prefect
attrs==24.2.0
    # via aiohttp
    # via jsonschema
    # via referencing
    # via visions
    # via zeep
awswrangler==3.12.1
    # via viadot2
azure-core==1.35.0
    # via azure-identity
azure-identity==1.23.0
    # via lumacli
babel==2.17.0
    # via agate
bcrypt==4.2.0
    # via paramiko
beautifulsoup4==4.12.3
    # via o365
    # via redshift-connector
boto3==1.34.106
    # via awswrangler
    # via prefect-aws
    # via redshift-connector
    # via viadot2
botocore==1.34.162
    # via aiobotocore
    # via awswrangler
    # via boto3
    # via prefect-aws
    # via redshift-connector
    # via s3transfer
cachetools==5.5.0
    # via google-auth
    # via prefect
certifi==2024.7.4
    # via apprise
    # via httpcore
    # via httpx
    # via kubernetes
    # via minio
    # via requests
cffi==1.17.0
    # via argon2-cffi-bindings
    # via cryptography
    # via pygit2
    # via pynacl
charset-normalizer==3.3.2
    # via requests
click==8.1.7
    # via apprise
    # via dbt-core
    # via dbt-semantic-interfaces
    # via dlt
    # via prefect
    # via typer
    # via uvicorn
cloudpickle==3.0.0
    # via prefect
colorama==0.4.6
    # via dbt-common
    # via griffe
coolname==2.2.0
    # via prefect
croniter==2.0.7
    # via prefect
cryptography==43.0.0
    # via azure-identity
    # via msal
    # via paramiko
    # via prefect
    # via pyjwt
    # via pyspnego
    # via requests-ntlm
    # via smbprotocol
daff==1.4.2
    # via dbt-core
dateparser==1.2.0
    # via prefect
db-dtypes==1.3.0
    # via pandas-gbq
dbt-adapters==1.14.3
    # via dbt-core
    # via dbt-postgres
    # via dbt-redshift
    # via viadot2
dbt-artifacts-parser==0.8.3
    # via lumacli
dbt-common==1.26.0
    # via dbt-adapters
    # via dbt-core
    # via dbt-postgres
    # via dbt-redshift
dbt-core==1.9.8
    # via dbt-postgres
    # via dbt-redshift
    # via viadot2
dbt-extractor==0.6.0
    # via dbt-core
dbt-postgres==1.9.0
    # via dbt-redshift
dbt-protos==1.0.337
    # via dbt-common
dbt-redshift==1.9.5
    # via viadot2
dbt-semantic-interfaces==0.7.5
    # via dbt-core
deepdiff==7.0.1
    # via dbt-common
defusedxml==0.7.1
    # via viadot2
dlt==1.12.3
    # via lumacli
dnspython==2.6.1
    # via email-validator
docker==7.1.0
    # via prefect
duckdb==1.3.1
    # via dlt
    # via lumacli
    # via viadot2
email-validator==2.2.0
    # via pydantic
et-xmlfile==1.1.0
    # via openpyxl
exceptiongroup==1.2.2
    # via anyio
    # via prefect
    # via prefect-aws
frozenlist==1.4.1
    # via aiohttp
    # via aiosignal
fsspec==2024.6.0
    # via dlt
    # via prefect
    # via s3fs
gitdb==4.0.12
    # via gitpython
gitpython==3.1.44
    # via dlt
giturlparse==0.12.0
    # via dlt
google-api-core==2.20.0
    # via google-cloud-bigquery
    # via google-cloud-core
    # via pandas-gbq
google-auth==2.34.0
    # via google-api-core
    # via google-auth-oauthlib
    # via google-cloud-bigquery
    # via google-cloud-core
    # via kubernetes
    # via pandas-gbq
    # via pydata-google-auth
google-auth-oauthlib==1.2.1
    # via pandas-gbq
    # via pydata-google-auth
google-cloud-bigquery==3.25.0
    # via pandas-gbq
google-cloud-core==2.4.1
    # via google-cloud-bigquery
google-crc32c==1.6.0
    # via google-resumable-media
google-resumable-media==2.7.2
    # via google-cloud-bigquery
googleapis-common-protos==1.65.0
    # via google-api-core
    # via grpcio-status
graphql-core==3.2.3
    # via sgqlc
graphviz==0.20.3
    # via prefect
greenlet==3.0.3
    # via sqlalchemy
griffe==1.7.3
    # via prefect
grpcio==1.66.1
    # via google-api-core
    # via grpcio-status
grpcio-status==1.62.3
    # via google-api-core
h11==0.14.0
    # via httpcore
    # via uvicorn
h2==4.1.0
    # via httpx
hexbytes==1.3.1
    # via dlt
hpack==4.0.0
    # via h2
httpcore==1.0.5
    # via httpx
    # via prefect
httpx==0.27.0
    # via prefect
humanize==4.10.0
    # via dlt
    # via jinja2-humanize-extension
    # via prefect
hyperframe==6.0.1
    # via h2
idna==3.7
    # via anyio
    # via email-validator
    # via httpx
    # via requests
    # via yarl
ijson==3.3.0
    # via tm1py
imagehash==4.3.1
    # via viadot2
importlib-metadata==8.7.0
    # via dbt-semantic-interfaces
importlib-resources==6.1.3
    # via prefect
isodate==0.6.1
    # via agate
    # via dbt-common
    # via zeep
itsdangerous==2.2.0
    # via prefect
jinja2==3.1.4
    # via dbt-common
    # via dbt-core
    # via dbt-semantic-interfaces
    # via jinja2-humanize-extension
    # via prefect
jinja2-humanize-extension==0.4.0
    # via prefect
jmespath==1.0.1
    # via boto3
    # via botocore
jsonpatch==1.33
    # via prefect
jsonpath-ng==1.7.0
    # via dlt
jsonpointer==3.0.0
    # via jsonpatch
jsonschema==4.23.0
    # via dbt-common
    # via dbt-semantic-interfaces
    # via prefect
jsonschema-specifications==2023.12.1
    # via jsonschema
kubernetes==29.0.0
    # via prefect
leather==0.4.0
    # via agate
loguru==0.7.3
    # via lumacli
lumacli==0.2.8
    # via viadot2
lxml==5.3.0
    # via redshift-connector
    # via zeep
mako==1.3.5
    # via alembic
markdown==3.7
    # via apprise
markdown-it-py==3.0.0
    # via rich
markupsafe==2.1.5
    # via jinja2
    # via mako
mashumaro==3.14
    # via dbt-adapters
    # via dbt-common
    # via dbt-core
mdurl==0.1.2
    # via markdown-it-py
mdxpy==1.3.2
    # via tm1py
minio==7.2.16
    # via viadot2
more-itertools==10.5.0
    # via dbt-semantic-interfaces
    # via simple-salesforce
msal==1.32.3
    # via azure-identity
    # via msal-extensions
msal-extensions==1.3.1
    # via azure-identity
msgpack==1.1.1
    # via mashumaro
multidict==6.0.5
    # via aiohttp
    # via yarl
multimethod==1.12
    # via visions
mypy-boto3-s3==1.39.5
    # via prefect-aws
mypy-boto3-secretsmanager==1.39.0
    # via prefect-aws
networkx==3.3
    # via dbt-core
    # via tm1py
    # via visions
numpy==1.26.4
    # via awswrangler
    # via db-dtypes
    # via imagehash
    # via pandas
    # via pandas-gbq
    # via pywavelets
    # via scipy
    # via shapely
    # via viadot2
    # via visions
o365==2.0.36
    # via viadot2
oauthlib==3.2.2
    # via kubernetes
    # via requests-oauthlib
openpyxl==3.1.5
    # via viadot2
ordered-set==4.1.0
    # via deepdiff
orjson==3.10.7
    # via dlt
    # via prefect
packaging==24.1
    # via awswrangler
    # via db-dtypes
    # via dbt-core
    # via dlt
    # via google-cloud-bigquery
    # via pandas-gbq
    # via prefect
    # via redshift-connector
    # via requirements-parser
pandas==2.3.1
    # via awswrangler
    # via db-dtypes
    # via pandas-gbq
    # via viadot2
    # via visions
pandas-gbq==0.23.1
    # via viadot2
paramiko==3.5.0
    # via viadot2
parsedatetime==2.6
    # via agate
pathspec==0.11.2
    # via dbt-common
    # via dbt-core
    # via prefect
pathvalidate==3.3.1
    # via dlt
pendulum==2.1.2
    # via dlt
    # via prefect
pillow==10.4.0
    # via imagehash
platformdirs==4.3.6
    # via zeep
pluggy==1.6.0
    # via dlt
ply==3.11
    # via jsonpath-ng
prefect==2.20.18
    # via prefect-aws
    # via prefect-github
    # via prefect-shell
    # via prefect-slack
    # via prefect-sqlalchemy
    # via viadot2
prefect-aws==0.4.20
    # via viadot2
prefect-github==0.2.7
    # via viadot2
prefect-shell==0.2.6
    # via viadot2
prefect-slack==0.2.7
    # via viadot2
prefect-sqlalchemy==0.4.4
    # via viadot2
proto-plus==1.24.0
    # via google-api-core
protobuf==5.29.5
    # via dbt-adapters
    # via dbt-common
    # via dbt-core
    # via dbt-protos
    # via google-api-core
    # via googleapis-common-protos
    # via grpcio-status
    # via proto-plus
psycopg==3.2.9
    # via lumacli
psycopg-binary==3.2.9
    # via psycopg
psycopg2-binary==2.9.10
    # via dbt-postgres
pyarrow==20.0.0
    # via awswrangler
    # via db-dtypes
    # via pandas-gbq
    # via viadot2
pyasn1==0.6.0
    # via pyasn1-modules
    # via rsa
pyasn1-modules==0.4.0
    # via google-auth
pycparser==2.22
    # via cffi
pycryptodome==3.23.0
    # via minio
pydantic==2.11.7
    # via dbt-artifacts-parser
    # via dbt-semantic-interfaces
    # via lumacli
    # via prefect
    # via viadot2
pydantic-core==2.33.2
    # via prefect
    # via pydantic
pydata-google-auth==1.8.2
    # via pandas-gbq
pygit2==1.14.1
    # via viadot2
pygments==2.18.0
    # via rich
pyjwt==2.9.0
    # via msal
    # via simple-salesforce
pynacl==1.5.0
    # via paramiko
pyodbc==5.1.0
    # via viadot2
pyparsing==3.2.3
    # via prefect-aws
pyspnego==0.11.2
    # via requests-ntlm
    # via smbprotocol
python-dateutil==2.9.0.post0
    # via botocore
    # via croniter
    # via dateparser
    # via dbt-common
    # via dbt-semantic-interfaces
    # via google-cloud-bigquery
    # via kubernetes
    # via o365
    # via pandas
    # via pendulum
    # via prefect
    # via trino
python-http-client==3.3.7
    # via sendgrid
python-multipart==0.0.9
    # via prefect
python-slugify==8.0.4
    # via agate
    # via prefect
pytimeparse==1.1.8
    # via agate
pytz==2024.1
    # via croniter
    # via dateparser
    # via dbt-adapters
    # via dbt-core
    # via dlt
    # via pandas
    # via prefect
    # via redshift-connector
    # via tm1py
    # via trino
    # via zeep
pytzdata==2020.1
    # via pendulum
pywavelets==1.7.0
    # via imagehash
pyyaml==6.0.2
    # via apprise
    # via dbt-core
    # via dbt-semantic-interfaces
    # via dlt
    # via kubernetes
    # via lumacli
    # via prefect
readchar==4.2.0
    # via prefect
redshift-connector==2.1.8
    # via dbt-redshift
referencing==0.35.1
    # via jsonschema
    # via jsonschema-specifications
regex==2024.7.24
    # via dateparser
requests==2.32.3
    # via apprise
    # via azure-core
    # via dbt-common
    # via dbt-core
    # via dbt-redshift
    # via dlt
    # via docker
    # via google-api-core
    # via google-cloud-bigquery
    # via kubernetes
    # via lumacli
    # via msal
    # via o365
    # via redshift-connector
    # via requests-file
    # via requests-ntlm
    # via requests-oauthlib
    # via requests-toolbelt
    # via sharepy
    # via simple-salesforce
    # via snowplow-tracker
    # via tm1py
    # via trino
    # via viadot2
    # via zeep
requests-file==2.1.0
    # via zeep
requests-ntlm==1.3.0
    # via lumacli
requests-oauthlib==2.0.0
    # via apprise
    # via google-auth-oauthlib
    # via kubernetes
    # via o365
requests-toolbelt==1.0.0
    # via zeep
requirements-parser==0.13.0
    # via dlt
rfc3339-validator==0.1.4
    # via prefect
rich==13.7.1
    # via lumacli
    # via prefect
    # via rich-argparse
    # via typer
rich-argparse==1.7.1
    # via dlt
rpds-py==0.20.0
    # via jsonschema
    # via referencing
rsa==4.9
    # via google-auth
ruamel-yaml==0.18.6
    # via prefect
ruamel-yaml-clib==0.2.8
    # via ruamel-yaml
s3fs==2024.6.0
    # via viadot2
s3transfer==0.10.4
    # via boto3
scipy==1.13.1
    # via imagehash
scramp==1.4.6
    # via redshift-connector
semver==3.0.4
    # via dlt
sendgrid==6.11.0
    # via viadot2
setuptools==75.1.0
    # via dlt
    # via pandas-gbq
    # via pydata-google-auth
    # via redshift-connector
sgqlc==16.3
    # via prefect-github
shapely==2.0.6
    # via viadot2
sharepy==2.0.0
    # via viadot2
shellingham==1.5.4
    # via typer
simple-salesforce==1.12.6
    # via viadot2
simplejson==3.20.1
    # via dlt
six==1.16.0
    # via azure-core
    # via isodate
    # via kubernetes
    # via python-dateutil
    # via rfc3339-validator
slack-sdk==3.35.0
    # via prefect-slack
smbprotocol==1.15.0
    # via viadot2
smmap==5.0.2
    # via gitdb
sniffio==1.3.1
    # via anyio
    # via asgi-lifespan
    # via httpx
    # via prefect
snowplow-tracker==1.1.0
    # via dbt-core
soupsieve==2.6
    # via beautifulsoup4
sql-metadata==2.12.0
    # via viadot2
sqlalchemy==2.0.32
    # via alembic
    # via prefect
    # via prefect-sqlalchemy
    # via viadot2
sqlglot==26.33.0
    # via dlt
sqlparse==0.5.1
    # via dbt-core
    # via dbt-redshift
    # via sql-metadata
starkbank-ecdsa==2.2.0
    # via sendgrid
tabulate==0.9.0
    # via viadot2
tangled-up-in-unicode==0.2.0
    # via visions
tenacity==9.1.2
    # via dlt
    # via prefect-aws
text-unidecode==1.3
    # via python-slugify
tm1py==2.0.4
    # via viadot2
toml==0.10.2
    # via prefect
tomlkit==0.13.3
    # via dlt
trino==0.328.0
    # via viadot2
typer==0.12.4
    # via lumacli
    # via prefect
typing-extensions==4.12.2
    # via aiosqlite
    # via alembic
    # via anyio
    # via awswrangler
    # via azure-core
    # via azure-identity
    # via dbt-adapters
    # via dbt-common
    # via dbt-core
    # via dbt-semantic-interfaces
    # via dlt
    # via mashumaro
    # via minio
    # via mypy-boto3-s3
    # via mypy-boto3-secretsmanager
    # via prefect
    # via psycopg
    # via pydantic
    # via pydantic-core
    # via simple-salesforce
    # via snowplow-tracker
    # via sqlalchemy
    # via typer
    # via typing-inspection
    # via uvicorn
typing-inspection==0.4.1
    # via pydantic
tzdata==2024.1
    # via dlt
    # via o365
    # via pandas
tzlocal==5.2
    # via dateparser
    # via o365
    # via trino
ujson==5.10.0
    # via prefect
urllib3==1.26.20
    # via botocore
    # via docker
    # via kubernetes
    # via minio
    # via requests
uvicorn==0.30.6
    # via prefect
visions==0.7.5
    # via viadot2
websocket-client==1.8.0
    # via kubernetes
    # via lumacli
websockets==12.0
    # via lumacli
    # via prefect
wrapt==1.17.2
    # via aiobotocore
xlrd==2.0.2
    # via viadot2
yarl==1.9.8
    # via aiohttp
zeep==4.2.1
    # via simple-salesforce
zipp==3.23.0
    # via importlib-metadata
